
Microsoft Visual Studio Solution File, Format Version 12.00
Project("{FAE04EC0-301F-11D3-BF4B-00C04F79EFBC}") = "APBD-Cw7-s32570", "APBD-Cw7-s32570\APBD-Cw7-s32570.csproj", "{5A251DB0-1E48-4A4E-995F-DF5428DC7864}"
EndProject
Global
	GlobalSection(SolutionConfigurationPlatforms) = preSolution
		Debug|Any CPU = Debug|Any CPU
		Release|Any CPU = Release|Any CPU
	EndGlobalSection
	GlobalSection(ProjectConfigurationPlatforms) = postSolution
		{5A251DB0-1E48-4A4E-995F-DF5428DC7864}.Debug|Any CPU.ActiveCfg = Debug|Any CPU
		{5A251DB0-1E48-4A4E-995F-DF5428DC7864}.Debug|Any CPU.Build.0 = Debug|Any CPU
		{5A251DB0-1E48-4A4E-995F-DF5428DC7864}.Release|Any CPU.ActiveCfg = Release|Any CPU
		{5A251DB0-1E48-4A4E-995F-DF5428DC7864}.Release|Any CPU.Build.0 = Release|Any CPU
	EndGlobalSection
EndGlobal
